
Microsoft Visual Studio Solution File, Format Version 12.00
# Visual Studio Version 17
VisualStudioVersion = 17.5.33414.496
MinimumVisualStudioVersion = 10.0.40219.1
Project("{FAE04EC0-301F-11D3-BF4B-00C04F79EFBC}") = "FluentStructures", "FluentStructures\FluentStructures.csproj", "{C8566667-8FF5-45CB-8B42-57949D251049}"
EndProject
Project("{FAE04EC0-301F-11D3-BF4B-00C04F79EFBC}") = "FluentStructures.Tests", "FluentStructures.Tests\FluentStructures.Tests.csproj", "{9C51517D-700E-4F5E-9671-2576E9863C92}"
EndProject
Global
	GlobalSection(SolutionConfigurationPlatforms) = preSolution
		Debug|Any CPU = Debug|Any CPU
		Release|Any CPU = Release|Any CPU
	EndGlobalSection
	GlobalSection(ProjectConfigurationPlatforms) = postSolution
		{C8566667-8FF5-45CB-8B42-57949D251049}.Debug|Any CPU.ActiveCfg = Debug|Any CPU
		{C8566667-8FF5-45CB-8B42-57949D251049}.Debug|Any CPU.Build.0 = Debug|Any CPU
		{C8566667-8FF5-45CB-8B42-57949D251049}.Release|Any CPU.ActiveCfg = Release|Any CPU
		{C8566667-8FF5-45CB-8B42-57949D251049}.Release|Any CPU.Build.0 = Release|Any CPU
		{9C51517D-700E-4F5E-9671-2576E9863C92}.Debug|Any CPU.ActiveCfg = Debug|Any CPU
		{9C51517D-700E-4F5E-9671-2576E9863C92}.Debug|Any CPU.Build.0 = Debug|Any CPU
		{9C51517D-700E-4F5E-9671-2576E9863C92}.Release|Any CPU.ActiveCfg = Release|Any CPU
		{9C51517D-700E-4F5E-9671-2576E9863C92}.Release|Any CPU.Build.0 = Release|Any CPU
	EndGlobalSection
	GlobalSection(SolutionProperties) = preSolution
		HideSolutionNode = FALSE
	EndGlobalSection
	GlobalSection(ExtensibilityGlobals) = postSolution
		SolutionGuid = {78E4B11D-BE99-491E-8114-9140C556C37A}
	EndGlobalSection
EndGlobal
